
Microsoft Visual Studio Solution File, Format Version 12.00
# Visual Studio Version 17
VisualStudioVersion = 17.1.32210.238
MinimumVisualStudioVersion = 10.0.40219.1
Project("{FAE04EC0-301F-11D3-BF4B-00C04F79EFBC}") = "CreatEntityFrameworkRepositoryPattern", "CreatEntityFrameworkRepositoryPattern\CreatEntityFrameworkRepositoryPattern.csproj", "{58A1C9B6-0268-4D8F-8F97-DBBB9804754A}"
EndProject
Global
	GlobalSection(SolutionConfigurationPlatforms) = preSolution
		Debug|Any CPU = Debug|Any CPU
		Release|Any CPU = Release|Any CPU
	EndGlobalSection
	GlobalSection(ProjectConfigurationPlatforms) = postSolution
		{58A1C9B6-0268-4D8F-8F97-DBBB9804754A}.Debug|Any CPU.ActiveCfg = Debug|Any CPU
		{58A1C9B6-0268-4D8F-8F97-DBBB9804754A}.Debug|Any CPU.Build.0 = Debug|Any CPU
		{58A1C9B6-0268-4D8F-8F97-DBBB9804754A}.Release|Any CPU.ActiveCfg = Release|Any CPU
		{58A1C9B6-0268-4D8F-8F97-DBBB9804754A}.Release|Any CPU.Build.0 = Release|Any CPU
	EndGlobalSection
	GlobalSection(SolutionProperties) = preSolution
		HideSolutionNode = FALSE
	EndGlobalSection
	GlobalSection(ExtensibilityGlobals) = postSolution
		SolutionGuid = {C004EE8B-3040-4EDD-BF1D-BC7B5964EF77}
	EndGlobalSection
EndGlobal
